
Microsoft Visual Studio Solution File, Format Version 12.00
# Visual Studio Version 17
VisualStudioVersion = 17.11.35312.102
MinimumVisualStudioVersion = 10.0.40219.1
Project("{FAE04EC0-301F-11D3-BF4B-00C04F79EFBC}") = "COMPRAS_PERG_24_25.Android", "COMPRAS_PERG_24_25\COMPRAS_PERG_24_25.Android\COMPRAS_PERG_24_25.Android.csproj", "{A0052F44-2B37-4F6B-BF7F-F2503788BE6C}"
EndProject
Project("{FAE04EC0-301F-11D3-BF4B-00C04F79EFBC}") = "COMPRAS_PERG_24_25", "COMPRAS_PERG_24_25\COMPRAS_PERG_24_25\COMPRAS_PERG_24_25.csproj", "{76E9B3B8-546F-4C51-A445-D105F0E44386}"
EndProject
Global
	GlobalSection(SolutionConfigurationPlatforms) = preSolution
		Debug|Any CPU = Debug|Any CPU
		Release|Any CPU = Release|Any CPU
	EndGlobalSection
	GlobalSection(ProjectConfigurationPlatforms) = postSolution
		{A0052F44-2B37-4F6B-BF7F-F2503788BE6C}.Debug|Any CPU.ActiveCfg = Debug|Any CPU
		{A0052F44-2B37-4F6B-BF7F-F2503788BE6C}.Debug|Any CPU.Build.0 = Debug|Any CPU
		{A0052F44-2B37-4F6B-BF7F-F2503788BE6C}.Debug|Any CPU.Deploy.0 = Debug|Any CPU
		{A0052F44-2B37-4F6B-BF7F-F2503788BE6C}.Release|Any CPU.ActiveCfg = Release|Any CPU
		{A0052F44-2B37-4F6B-BF7F-F2503788BE6C}.Release|Any CPU.Build.0 = Release|Any CPU
		{A0052F44-2B37-4F6B-BF7F-F2503788BE6C}.Release|Any CPU.Deploy.0 = Release|Any CPU
		{76E9B3B8-546F-4C51-A445-D105F0E44386}.Debug|Any CPU.ActiveCfg = Debug|Any CPU
		{76E9B3B8-546F-4C51-A445-D105F0E44386}.Debug|Any CPU.Build.0 = Debug|Any CPU
		{76E9B3B8-546F-4C51-A445-D105F0E44386}.Debug|Any CPU.Deploy.0 = Debug|Any CPU
		{76E9B3B8-546F-4C51-A445-D105F0E44386}.Release|Any CPU.ActiveCfg = Release|Any CPU
		{76E9B3B8-546F-4C51-A445-D105F0E44386}.Release|Any CPU.Build.0 = Release|Any CPU
		{76E9B3B8-546F-4C51-A445-D105F0E44386}.Release|Any CPU.Deploy.0 = Release|Any CPU
	EndGlobalSection
	GlobalSection(SolutionProperties) = preSolution
		HideSolutionNode = FALSE
	EndGlobalSection
	GlobalSection(ExtensibilityGlobals) = postSolution
		SolutionGuid = {F7D9438A-8AC9-4FA8-B8B5-FAD7E594BC8E}
	EndGlobalSection
EndGlobal
